// !$*UTF8*$!
{
	archiveVersion = 1;
	classes = {
	};
	objectVersion = 77;
	objects = {

/* Begin PBXContainerItemProxy section */
		371B532B2CB6D52300DCA19C /* PBXContainerItemProxy */ = {
			isa = PBXContainerItemProxy;
			containerPortal = 371B53122CB6D52100DCA19C /* Project object */;
			proxyType = 1;
			remoteGlobalIDString = 371B53192CB6D52100DCA19C;
			remoteInfo = "Tetris Final";
		};
		371B53352CB6D52300DCA19C /* PBXContainerItemProxy */ = {
			isa = PBXContainerItemProxy;
			containerPortal = 371B53122CB6D52100DCA19C /* Project object */;
			proxyType = 1;
			remoteGlobalIDString = 371B53192CB6D52100DCA19C;
			remoteInfo = "Tetris Final";
		};
/* End PBXContainerItemProxy section */

/* Begin PBXFileReference section */
		371B531A2CB6D52100DCA19C /* Tetris Final.app */ = {isa = PBXFileReference; explicitFileType = wrapper.application; includeInIndex = 0; path = "Tetris Final.app"; sourceTree = BUILT_PRODUCTS_DIR; };
		371B532A2CB6D52300DCA19C /* Tetris FinalTests.xctest */ = {isa = PBXFileReference; explicitFileType = wrapper.cfbundle; includeInIndex = 0; path = "Tetris FinalTests.xctest"; sourceTree = BUILT_PRODUCTS_DIR; };
		371B53342CB6D52300DCA19C /* Tetris FinalUITests.xctest */ = {isa = PBXFileReference; explicitFileType = wrapper.cfbundle; includeInIndex = 0; path = "Tetris FinalUITests.xctest"; sourceTree = BUILT_PRODUCTS_DIR; };
/* End PBXFileReference section */

/* Begin PBXFileSystemSynchronizedRootGroup section */
		371B531C2CB6D52100DCA19C /* Tetris Final */ = {
			isa = PBXFileSystemSynchronizedRootGroup;
			path = "Tetris Final";
			sourceTree = "<group>";
		};
		371B532D2CB6D52300DCA19C /* Tetris FinalTests */ = {
			isa = PBXFileSystemSynchronizedRootGroup;
			path = "Tetris FinalTests";
			sourceTree = "<group>";
		};
		371B53372CB6D52300DCA19C /* Tetris FinalUITests */ = {
			isa = PBXFileSystemSynchronizedRootGroup;
			path = "Tetris FinalUITests";
			sourceTree = "<group>";
		};
/* End PBXFileSystemSynchronizedRootGroup section */

/* Begin PBXFrameworksBuildPhase section */
		371B53172CB6D52100DCA19C /* Frameworks */ = {
			isa = PBXFrameworksBuildPhase;
			buildActionMask = 2147483647;
			files = (
			);
			runOnlyForDeploymentPostprocessing = 0;
		};
		371B53272CB6D52300DCA19C /* Frameworks */ = {
			isa = PBXFrameworksBuildPhase;
			buildActionMask = 2147483647;
			files = (
			);
			runOnlyForDeploymentPostprocessing = 0;
		};
		371B53312CB6D52300DCA19C /* Frameworks */ = {
			isa = PBXFrameworksBuildPhase;
			buildActionMask = 2147483647;
			files = (
			);
			runOnlyForDeploymentPostprocessing = 0;
		};
/* End PBXFrameworksBuildPhase section */

/* Begin PBXGroup section */
		371B53112CB6D52100DCA19C = {
			isa = PBXGroup;
			children = (
				371B531C2CB6D52100DCA19C /* Tetris Final */,
				371B532D2CB6D52300DCA19C /* Tetris FinalTests */,
				371B53372CB6D52300DCA19C /* Tetris FinalUITests */,
				371B531B2CB6D52100DCA19C /* Products */,
			);
			sourceTree = "<group>";
		};
		371B531B2CB6D52100DCA19C /* Products */ = {
			isa = PBXGroup;
			children = (
				371B531A2CB6D52100DCA19C /* Tetris Final.app */,
				371B532A2CB6D52300DCA19C /* Tetris FinalTests.xctest */,
				371B53342CB6D52300DCA19C /* Tetris FinalUITests.xctest */,
			);
			name = Products;
			sourceTree = "<group>";
		};
/* End PBXGroup section */

/* Begin PBXNativeTarget section */
		371B53192CB6D52100DCA19C /* Tetris Final */ = {
			isa = PBXNativeTarget;
			buildConfigurationList = 371B533E2CB6D52300DCA19C /* Build configuration list for PBXNativeTarget "Tetris Final" */;
			buildPhases = (
				371B53162CB6D52100DCA19C /* Sources */,
				371B53172CB6D52100DCA19C /* Frameworks */,
				371B53182CB6D52100DCA19C /* Resources */,
			);
			buildRules = (
			);
			dependencies = (
			);
			fileSystemSynchronizedGroups = (
				371B531C2CB6D52100DCA19C /* Tetris Final */,
			);
			name = "Tetris Final";
			packageProductDependencies = (
			);
			productName = "Tetris Final";
			productReference = 371B531A2CB6D52100DCA19C /* Tetris Final.app */;
			productType = "com.apple.product-type.application";
		};
		371B53292CB6D52300DCA19C /* Tetris FinalTests */ = {
			isa = PBXNativeTarget;
			buildConfigurationList = 371B53412CB6D52300DCA19C /* Build configuration list for PBXNativeTarget "Tetris FinalTests" */;
			buildPhases = (
				371B53262CB6D52300DCA19C /* Sources */,
				371B53272CB6D52300DCA19C /* Frameworks */,
				371B53282CB6D52300DCA19C /* Resources */,
			);
			buildRules = (
			);
			dependencies = (
				371B532C2CB6D52300DCA19C /* PBXTargetDependency */,
			);
			fileSystemSynchronizedGroups = (
				371B532D2CB6D52300DCA19C /* Tetris FinalTests */,
			);
			name = "Tetris FinalTests";
			packageProductDependencies = (
			);
			productName = "Tetris FinalTests";
			productReference = 371B532A2CB6D52300DCA19C /* Tetris FinalTests.xctest */;
			productType = "com.apple.product-type.bundle.unit-test";
		};
		371B53332CB6D52300DCA19C /* Tetris FinalUITests */ = {
			isa = PBXNativeTarget;
			buildConfigurationList = 371B53442CB6D52300DCA19C /* Build configuration list for PBXNativeTarget "Tetris FinalUITests" */;
			buildPhases = (
				371B53302CB6D52300DCA19C /* Sources */,
				371B53312CB6D52300DCA19C /* Frameworks */,
				371B53322CB6D52300DCA19C /* Resources */,
			);
			buildRules = (
			);
			dependencies = (
				371B53362CB6D52300DCA19C /* PBXTargetDependency */,
			);
			fileSystemSynchronizedGroups = (
				371B53372CB6D52300DCA19C /* Tetris FinalUITests */,
			);
			name = "Tetris FinalUITests";
			packageProductDependencies = (
			);
			productName = "Tetris FinalUITests";
			productReference = 371B53342CB6D52300DCA19C /* Tetris FinalUITests.xctest */;
			productType = "com.apple.product-type.bundle.ui-testing";
		};
/* End PBXNativeTarget section */

/* Begin PBXProject section */
		371B53122CB6D52100DCA19C /* Project object */ = {
			isa = PBXProject;
			attributes = {
				BuildIndependentTargetsInParallel = 1;
				LastSwiftUpdateCheck = 1600;
				LastUpgradeCheck = 1600;
				TargetAttributes = {
					371B53192CB6D52100DCA19C = {
						CreatedOnToolsVersion = 16.0;
					};
					371B53292CB6D52300DCA19C = {
						CreatedOnToolsVersion = 16.0;
						TestTargetID = 371B53192CB6D52100DCA19C;
					};
					371B53332CB6D52300DCA19C = {
						CreatedOnToolsVersion = 16.0;
						TestTargetID = 371B53192CB6D52100DCA19C;
					};
				};
			};
			buildConfigurationList = 371B53152CB6D52100DCA19C /* Build configuration list for PBXProject "Tetris Final" */;
			developmentRegion = en;
			hasScannedForEncodings = 0;
			knownRegions = (
				en,
				Base,
			);
			mainGroup = 371B53112CB6D52100DCA19C;
			minimizedProjectReferenceProxies = 1;
			preferredProjectObjectVersion = 77;
			productRefGroup = 371B531B2CB6D52100DCA19C /* Products */;
			projectDirPath = "";
			projectRoot = "";
			targets = (
				371B53192CB6D52100DCA19C /* Tetris Final */,
				371B53292CB6D52300DCA19C /* Tetris FinalTests */,
				371B53332CB6D52300DCA19C /* Tetris FinalUITests */,
			);
		};
/* End PBXProject section */

/* Begin PBXResourcesBuildPhase section */
		371B53182CB6D52100DCA19C /* Resources */ = {
			isa = PBXResourcesBuildPhase;
			buildActionMask = 2147483647;
			files = (
			);
			runOnlyForDeploymentPostprocessing = 0;
		};
		371B53282CB6D52300DCA19C /* Resources */ = {
			isa = PBXResourcesBuildPhase;
			buildActionMask = 2147483647;
			files = (
			);
			runOnlyForDeploymentPostprocessing = 0;
		};
		371B53322CB6D52300DCA19C /* Resources */ = {
			isa = PBXResourcesBuildPhase;
			buildActionMask = 2147483647;
			files = (
			);
			runOnlyForDeploymentPostprocessing = 0;
		};
/* End PBXResourcesBuildPhase section */

/* Begin PBXSourcesBuildPhase section */
		371B53162CB6D52100DCA19C /* Sources */ = {
			isa = PBXSourcesBuildPhase;
			buildActionMask = 2147483647;
			files = (
			);
			runOnlyForDeploymentPostprocessing = 0;
		};
		371B53262CB6D52300DCA19C /* Sources */ = {
			isa = PBXSourcesBuildPhase;
			buildActionMask = 2147483647;
			files = (
			);
			runOnlyForDeploymentPostprocessing = 0;
		};
		371B53302CB6D52300DCA19C /* Sources */ = {
			isa = PBXSourcesBuildPhase;
			buildActionMask = 2147483647;
			files = (
			);
			runOnlyForDeploymentPostprocessing = 0;
		};
/* End PBXSourcesBuildPhase section */

/* Begin PBXTargetDependency section */
		371B532C2CB6D52300DCA19C /* PBXTargetDependency */ = {
			isa = PBXTargetDependency;
			target = 371B53192CB6D52100DCA19C /* Tetris Final */;
			targetProxy = 371B532B2CB6D52300DCA19C /* PBXContainerItemProxy */;
		};
		371B53362CB6D52300DCA19C /* PBXTargetDependency */ = {
			isa = PBXTargetDependency;
			target = 371B53192CB6D52100DCA19C /* Tetris Final */;
			targetProxy = 371B53352CB6D52300DCA19C /* PBXContainerItemProxy */;
		};
/* End PBXTargetDependency section */

/* Begin XCBuildConfiguration section */
		371B533C2CB6D52300DCA19C /* Debug */ = {
			isa = XCBuildConfiguration;
			buildSettings = {
				ALWAYS_SEARCH_USER_PATHS = NO;
				ASSETCATALOG_COMPILER_GENERATE_SWIFT_ASSET_SYMBOL_EXTENSIONS = YES;
				CLANG_ANALYZER_NONNULL = YES;
				CLANG_ANALYZER_NUMBER_OBJECT_CONVERSION = YES_AGGRESSIVE;
				CLANG_CXX_LANGUAGE_STANDARD = "gnu++20";
				CLANG_ENABLE_MODULES = YES;
				CLANG_ENABLE_OBJC_ARC = YES;
				CLANG_ENABLE_OBJC_WEAK = YES;
				CLANG_WARN_BLOCK_CAPTURE_AUTORELEASING = YES;
				CLANG_WARN_BOOL_CONVERSION = YES;
				CLANG_WARN_COMMA = YES;
				CLANG_WARN_CONSTANT_CONVERSION = YES;
				CLANG_WARN_DEPRECATED_OBJC_IMPLEMENTATIONS = YES;
				CLANG_WARN_DIRECT_OBJC_ISA_USAGE = YES_ERROR;
				CLANG_WARN_DOCUMENTATION_COMMENTS = YES;
				CLANG_WARN_EMPTY_BODY = YES;
				CLANG_WARN_ENUM_CONVERSION = YES;
				CLANG_WARN_INFINITE_RECURSION = YES;
				CLANG_WARN_INT_CONVERSION = YES;
				CLANG_WARN_NON_LITERAL_NULL_CONVERSION = YES;
				CLANG_WARN_OBJC_IMPLICIT_RETAIN_SELF = YES;
				CLANG_WARN_OBJC_LITERAL_CONVERSION = YES;
				CLANG_WARN_OBJC_ROOT_CLASS = YES_ERROR;
				CLANG_WARN_QUOTED_INCLUDE_IN_FRAMEWORK_HEADER = YES;
				CLANG_WARN_RANGE_LOOP_ANALYSIS = YES;
				CLANG_WARN_STRICT_PROTOTYPES = YES;
				CLANG_WARN_SUSPICIOUS_MOVE = YES;
				CLANG_WARN_UNGUARDED_AVAILABILITY = YES_AGGRESSIVE;
				CLANG_WARN_UNREACHABLE_CODE = YES;
				CLANG_WARN__DUPLICATE_METHOD_MATCH = YES;
				COPY_PHASE_STRIP = NO;
				DEBUG_INFORMATION_FORMAT = dwarf;
				ENABLE_STRICT_OBJC_MSGSEND = YES;
				ENABLE_TESTABILITY = YES;
				ENABLE_USER_SCRIPT_SANDBOXING = YES;
				GCC_C_LANGUAGE_STANDARD = gnu17;
				GCC_DYNAMIC_NO_PIC = NO;
				GCC_NO_COMMON_BLOCKS = YES;
				GCC_OPTIMIZATION_LEVEL = 0;
				GCC_PREPROCESSOR_DEFINITIONS = (
					"DEBUG=1",
					"$(inherited)",
				);
				GCC_WARN_64_TO_32_BIT_CONVERSION = YES;
				GCC_WARN_ABOUT_RETURN_TYPE = YES_ERROR;
				GCC_WARN_UNDECLARED_SELECTOR = YES;
				GCC_WARN_UNINITIALIZED_AUTOS = YES_AGGRESSIVE;
				GCC_WARN_UNUSED_FUNCTION = YES;
				GCC_WARN_UNUSED_VARIABLE = YES;
				IPHONEOS_DEPLOYMENT_TARGET = 18.0;
				LOCALIZATION_PREFERS_STRING_CATALOGS = YES;
				MTL_ENABLE_DEBUG_INFO = INCLUDE_SOURCE;
				MTL_FAST_MATH = YES;
				ONLY_ACTIVE_ARCH = YES;
				SDKROOT = iphoneos;
				SWIFT_ACTIVE_COMPILATION_CONDITIONS = "DEBUG $(inherited)";
				SWIFT_OPTIMIZATION_LEVEL = "-Onone";
			};
			name = Debug;
		};
		371B533D2CB6D52300DCA19C /* Release */ = {
			isa = XCBuildConfiguration;
			buildSettings = {
				ALWAYS_SEARCH_USER_PATHS = NO;
				ASSETCATALOG_COMPILER_GENERATE_SWIFT_ASSET_SYMBOL_EXTENSIONS = YES;
				CLANG_ANALYZER_NONNULL = YES;
				CLANG_ANALYZER_NUMBER_OBJECT_CONVERSION = YES_AGGRESSIVE;
				CLANG_CXX_LANGUAGE_STANDARD = "gnu++20";
				CLANG_ENABLE_MODULES = YES;
				CLANG_ENABLE_OBJC_ARC = YES;
				CLANG_ENABLE_OBJC_WEAK = YES;
				CLANG_WARN_BLOCK_CAPTURE_AUTORELEASING = YES;
				CLANG_WARN_BOOL_CONVERSION = YES;
				CLANG_WARN_COMMA = YES;
				CLANG_WARN_CONSTANT_CONVERSION = YES;
				CLANG_WARN_DEPRECATED_OBJC_IMPLEMENTATIONS = YES;
				CLANG_WARN_DIRECT_OBJC_ISA_USAGE = YES_ERROR;
				CLANG_WARN_DOCUMENTATION_COMMENTS = YES;
				CLANG_WARN_EMPTY_BODY = YES;
				CLANG_WARN_ENUM_CONVERSION = YES;
				CLANG_WARN_INFINITE_RECURSION = YES;
				CLANG_WARN_INT_CONVERSION = YES;
				CLANG_WARN_NON_LITERAL_NULL_CONVERSION = YES;
				CLANG_WARN_OBJC_IMPLICIT_RETAIN_SELF = YES;
				CLANG_WARN_OBJC_LITERAL_CONVERSION = YES;
				CLANG_WARN_OBJC_ROOT_CLASS = YES_ERROR;
				CLANG_WARN_QUOTED_INCLUDE_IN_FRAMEWORK_HEADER = YES;
				CLANG_WARN_RANGE_LOOP_ANALYSIS = YES;
				CLANG_WARN_STRICT_PROTOTYPES = YES;
				CLANG_WARN_SUSPICIOUS_MOVE = YES;
				CLANG_WARN_UNGUARDED_AVAILABILITY = YES_AGGRESSIVE;
				CLANG_WARN_UNREACHABLE_CODE = YES;
				CLANG_WARN__DUPLICATE_METHOD_MATCH = YES;
				COPY_PHASE_STRIP = NO;
				DEBUG_INFORMATION_FORMAT = "dwarf-with-dsym";
				ENABLE_NS_ASSERTIONS = NO;
				ENABLE_STRICT_OBJC_MSGSEND = YES;
				ENABLE_USER_SCRIPT_SANDBOXING = YES;
				GCC_C_LANGUAGE_STANDARD = gnu17;
				GCC_NO_COMMON_BLOCKS = YES;
				GCC_WARN_64_TO_32_BIT_CONVERSION = YES;
				GCC_WARN_ABOUT_RETURN_TYPE = YES_ERROR;
				GCC_WARN_UNDECLARED_SELECTOR = YES;
				GCC_WARN_UNINITIALIZED_AUTOS = YES_AGGRESSIVE;
				GCC_WARN_UNUSED_FUNCTION = YES;
				GCC_WARN_UNUSED_VARIABLE = YES;
				IPHONEOS_DEPLOYMENT_TARGET = 18.0;
				LOCALIZATION_PREFERS_STRING_CATALOGS = YES;
				MTL_ENABLE_DEBUG_INFO = NO;
				MTL_FAST_MATH = YES;
				SDKROOT = iphoneos;
				SWIFT_COMPILATION_MODE = wholemodule;
				VALIDATE_PRODUCT = YES;
			};
			name = Release;
		};
		371B533F2CB6D52300DCA19C /* Debug */ = {
			isa = XCBuildConfiguration;
			buildSettings = {
				ASSETCATALOG_COMPILER_APPICON_NAME = AppIcon;
				ASSETCATALOG_COMPILER_GLOBAL_ACCENT_COLOR_NAME = AccentColor;
				CODE_SIGN_STYLE = Automatic;
				CURRENT_PROJECT_VERSION = 1;
				DEVELOPMENT_ASSET_PATHS = "\"Tetris Final/Preview Content\"";
				ENABLE_PREVIEWS = YES;
				GENERATE_INFOPLIST_FILE = YES;
				INFOPLIST_KEY_UIApplicationSceneManifest_Generation = YES;
				INFOPLIST_KEY_UIApplicationSupportsIndirectInputEvents = YES;
				INFOPLIST_KEY_UILaunchScreen_Generation = YES;
				INFOPLIST_KEY_UISupportedInterfaceOrientations_iPad = "UIInterfaceOrientationPortrait UIInterfaceOrientationPortraitUpsideDown UIInterfaceOrientationLandscapeLeft UIInterfaceOrientationLandscapeRight";
				INFOPLIST_KEY_UISupportedInterfaceOrientations_iPhone = "UIInterfaceOrientationPortrait UIInterfaceOrientationLandscapeLeft UIInterfaceOrientationLandscapeRight";
				LD_RUNPATH_SEARCH_PATHS = (
					"$(inherited)",
					"@executable_path/Frameworks",
				);
				MARKETING_VERSION = 1.0;
				PRODUCT_BUNDLE_IDENTIFIER = "App-06.Tetris-Final";
				PRODUCT_NAME = "$(TARGET_NAME)";
				SWIFT_EMIT_LOC_STRINGS = YES;
				SWIFT_VERSION = 5.0;
				TARGETED_DEVICE_FAMILY = "1,2";
			};
			name = Debug;
		};
		371B53402CB6D52300DCA19C /* Release */ = {
			isa = XCBuildConfiguration;
			buildSettings = {
				ASSETCATALOG_COMPILER_APPICON_NAME = AppIcon;
				ASSETCATALOG_COMPILER_GLOBAL_ACCENT_COLOR_NAME = AccentColor;
				CODE_SIGN_STYLE = Automatic;
				CURRENT_PROJECT_VERSION = 1;
				DEVELOPMENT_ASSET_PATHS = "\"Tetris Final/Preview Content\"";
				ENABLE_PREVIEWS = YES;
				GENERATE_INFOPLIST_FILE = YES;
				INFOPLIST_KEY_UIApplicationSceneManifest_Generation = YES;
				INFOPLIST_KEY_UIApplicationSupportsIndirectInputEvents = YES;
				INFOPLIST_KEY_UILaunchScreen_Generation = YES;
				INFOPLIST_KEY_UISupportedInterfaceOrientations_iPad = "UIInterfaceOrientationPortrait UIInterfaceOrientationPortraitUpsideDown UIInterfaceOrientationLandscapeLeft UIInterfaceOrientationLandscapeRight";
				INFOPLIST_KEY_UISupportedInterfaceOrientations_iPhone = "UIInterfaceOrientationPortrait UIInterfaceOrientationLandscapeLeft UIInterfaceOrientationLandscapeRight";
				LD_RUNPATH_SEARCH_PATHS = (
					"$(inherited)",
					"@executable_path/Frameworks",
				);
				MARKETING_VERSION = 1.0;
				PRODUCT_BUNDLE_IDENTIFIER = "App-06.Tetris-Final";
				PRODUCT_NAME = "$(TARGET_NAME)";
				SWIFT_EMIT_LOC_STRINGS = YES;
				SWIFT_VERSION = 5.0;
				TARGETED_DEVICE_FAMILY = "1,2";
			};
			name = Release;
		};
		371B53422CB6D52300DCA19C /* Debug */ = {
			isa = XCBuildConfiguration;
			buildSettings = {
				BUNDLE_LOADER = "$(TEST_HOST)";
				CODE_SIGN_STYLE = Automatic;
				CURRENT_PROJECT_VERSION = 1;
				GENERATE_INFOPLIST_FILE = YES;
				IPHONEOS_DEPLOYMENT_TARGET = 18.0;
				MARKETING_VERSION = 1.0;
				PRODUCT_BUNDLE_IDENTIFIER = "App-06.Tetris-FinalTests";
				PRODUCT_NAME = "$(TARGET_NAME)";
				SWIFT_EMIT_LOC_STRINGS = NO;
				SWIFT_VERSION = 5.0;
				TARGETED_DEVICE_FAMILY = "1,2";
				TEST_HOST = "$(BUILT_PRODUCTS_DIR)/Tetris Final.app/$(BUNDLE_EXECUTABLE_FOLDER_PATH)/Tetris Final";
			};
			name = Debug;
		};
		371B53432CB6D52300DCA19C /* Release */ = {
			isa = XCBuildConfiguration;
			buildSettings = {
				BUNDLE_LOADER = "$(TEST_HOST)";
				CODE_SIGN_STYLE = Automatic;
				CURRENT_PROJECT_VERSION = 1;
				GENERATE_INFOPLIST_FILE = YES;
				IPHONEOS_DEPLOYMENT_TARGET = 18.0;
				MARKETING_VERSION = 1.0;
				PRODUCT_BUNDLE_IDENTIFIER = "App-06.Tetris-FinalTests";
				PRODUCT_NAME = "$(TARGET_NAME)";
				SWIFT_EMIT_LOC_STRINGS = NO;
				SWIFT_VERSION = 5.0;
				TARGETED_DEVICE_FAMILY = "1,2";
				TEST_HOST = "$(BUILT_PRODUCTS_DIR)/Tetris Final.app/$(BUNDLE_EXECUTABLE_FOLDER_PATH)/Tetris Final";
			};
			name = Release;
		};
		371B53452CB6D52300DCA19C /* Debug */ = {
			isa = XCBuildConfiguration;
			buildSettings = {
				CODE_SIGN_STYLE = Automatic;
				CURRENT_PROJECT_VERSION = 1;
				GENERATE_INFOPLIST_FILE = YES;
				MARKETING_VERSION = 1.0;
				PRODUCT_BUNDLE_IDENTIFIER = "App-06.Tetris-FinalUITests";
				PRODUCT_NAME = "$(TARGET_NAME)";
				SWIFT_EMIT_LOC_STRINGS = NO;
				SWIFT_VERSION = 5.0;
				TARGETED_DEVICE_FAMILY = "1,2";
				TEST_TARGET_NAME = "Tetris Final";
			};
			name = Debug;
		};
		371B53462CB6D52300DCA19C /* Release */ = {
			isa = XCBuildConfiguration;
			buildSettings = {
				CODE_SIGN_STYLE = Automatic;
				CURRENT_PROJECT_VERSION = 1;
				GENERATE_INFOPLIST_FILE = YES;
				MARKETING_VERSION = 1.0;
				PRODUCT_BUNDLE_IDENTIFIER = "App-06.Tetris-FinalUITests";
				PRODUCT_NAME = "$(TARGET_NAME)";
				SWIFT_EMIT_LOC_STRINGS = NO;
				SWIFT_VERSION = 5.0;
				TARGETED_DEVICE_FAMILY = "1,2";
				TEST_TARGET_NAME = "Tetris Final";
			};
			name = Release;
		};
/* End XCBuildConfiguration section */

/* Begin XCConfigurationList section */
		371B53152CB6D52100DCA19C /* Build configuration list for PBXProject "Tetris Final" */ = {
			isa = XCConfigurationList;
			buildConfigurations = (
				371B533C2CB6D52300DCA19C /* Debug */,
				371B533D2CB6D52300DCA19C /* Release */,
			);
			defaultConfigurationIsVisible = 0;
			defaultConfigurationName = Release;
		};
		371B533E2CB6D52300DCA19C /* Build configuration list for PBXNativeTarget "Tetris Final" */ = {
			isa = XCConfigurationList;
			buildConfigurations = (
				371B533F2CB6D52300DCA19C /* Debug */,
				371B53402CB6D52300DCA19C /* Release */,
			);
			defaultConfigurationIsVisible = 0;
			defaultConfigurationName = Release;
		};
		371B53412CB6D52300DCA19C /* Build configuration list for PBXNativeTarget "Tetris FinalTests" */ = {
			isa = XCConfigurationList;
			buildConfigurations = (
				371B53422CB6D52300DCA19C /* Debug */,
				371B53432CB6D52300DCA19C /* Release */,
			);
			defaultConfigurationIsVisible = 0;
			defaultConfigurationName = Release;
		};
		371B53442CB6D52300DCA19C /* Build configuration list for PBXNativeTarget "Tetris FinalUITests" */ = {
			isa = XCConfigurationList;
			buildConfigurations = (
				371B53452CB6D52300DCA19C /* Debug */,
				371B53462CB6D52300DCA19C /* Release */,
			);
			defaultConfigurationIsVisible = 0;
			defaultConfigurationName = Release;
		};
/* End XCConfigurationList section */
	};
	rootObject = 371B53122CB6D52100DCA19C /* Project object */;
}
